// !$*UTF8*$!
{
	archiveVersion = 1;
	classes = {
	};
	objectVersion = 50;
	objects = {

/* Begin PBXBuildFile section */
		329BDB0524AE0BFD00A1ADFA /* AppDelegate.swift in Sources */ = {isa = PBXBuildFile; fileRef = 329BDB0424AE0BFD00A1ADFA /* AppDelegate.swift */; };
		329BDB0724AE0BFD00A1ADFA /* SceneDelegate.swift in Sources */ = {isa = PBXBuildFile; fileRef = 329BDB0624AE0BFD00A1ADFA /* SceneDelegate.swift */; };
		329BDB0924AE0BFD00A1ADFA /* ContentView.swift in Sources */ = {isa = PBXBuildFile; fileRef = 329BDB0824AE0BFD00A1ADFA /* ContentView.swift */; };
		329BDB0B24AE0C0200A1ADFA /* Assets.xcassets in Resources */ = {isa = PBXBuildFile; fileRef = 329BDB0A24AE0C0200A1ADFA /* Assets.xcassets */; };
		329BDB0E24AE0C0200A1ADFA /* Preview Assets.xcassets in Resources */ = {isa = PBXBuildFile; fileRef = 329BDB0D24AE0C0200A1ADFA /* Preview Assets.xcassets */; };
		329BDB1124AE0C0200A1ADFA /* LaunchScreen.storyboard in Resources */ = {isa = PBXBuildFile; fileRef = 329BDB0F24AE0C0200A1ADFA /* LaunchScreen.storyboard */; };
/* End PBXBuildFile section */

/* Begin PBXFileReference section */
		329BDB0124AE0BFD00A1ADFA /* Unit Conversion.app */ = {isa = PBXFileReference; explicitFileType = wrapper.application; includeInIndex = 0; path = "Unit Conversion.app"; sourceTree = BUILT_PRODUCTS_DIR; };
		329BDB0424AE0BFD00A1ADFA /* AppDelegate.swift */ = {isa = PBXFileReference; lastKnownFileType = sourcecode.swift; path = AppDelegate.swift; sourceTree = "<group>"; };
		329BDB0624AE0BFD00A1ADFA /* SceneDelegate.swift */ = {isa = PBXFileReference; lastKnownFileType = sourcecode.swift; path = SceneDelegate.swift; sourceTree = "<group>"; };
		329BDB0824AE0BFD00A1ADFA /* ContentView.swift */ = {isa = PBXFileReference; lastKnownFileType = sourcecode.swift; path = ContentView.swift; sourceTree = "<group>"; };
		329BDB0A24AE0C0200A1ADFA /* Assets.xcassets */ = {isa = PBXFileReference; lastKnownFileType = folder.assetcatalog; path = Assets.xcassets; sourceTree = "<group>"; };
		329BDB0D24AE0C0200A1ADFA /* Preview Assets.xcassets */ = {isa = PBXFileReference; lastKnownFileType = folder.assetcatalog; path = "Preview Assets.xcassets"; sourceTree = "<group>"; };
		329BDB1024AE0C0200A1ADFA /* Base */ = {isa = PBXFileReference; lastKnownFileType = file.storyboard; name = Base; path = Base.lproj/LaunchScreen.storyboard; sourceTree = "<group>"; };
		329BDB1224AE0C0200A1ADFA /* Info.plist */ = {isa = PBXFileReference; lastKnownFileType = text.plist.xml; path = Info.plist; sourceTree = "<group>"; };
/* End PBXFileReference section */

/* Begin PBXFrameworksBuildPhase section */
		329BDAFE24AE0BFD00A1ADFA /* Frameworks */ = {
			isa = PBXFrameworksBuildPhase;
			buildActionMask = 2147483647;
			files = (
			);
			runOnlyForDeploymentPostprocessing = 0;
		};
/* End PBXFrameworksBuildPhase section */

/* Begin PBXGroup section */
		329BDAF824AE0BFD00A1ADFA = {
			isa = PBXGroup;
			children = (
				329BDB0324AE0BFD00A1ADFA /* Unit Conversion */,
				329BDB0224AE0BFD00A1ADFA /* Products */,
			);
			sourceTree = "<group>";
		};
		329BDB0224AE0BFD00A1ADFA /* Products */ = {
			isa = PBXGroup;
			children = (
				329BDB0124AE0BFD00A1ADFA /* Unit Conversion.app */,
			);
			name = Products;
			sourceTree = "<group>";
		};
		329BDB0324AE0BFD00A1ADFA /* Unit Conversion */ = {
			isa = PBXGroup;
			children = (
				329BDB0424AE0BFD00A1ADFA /* AppDelegate.swift */,
				329BDB0624AE0BFD00A1ADFA /* SceneDelegate.swift */,
				329BDB0824AE0BFD00A1ADFA /* ContentView.swift */,
				329BDB0A24AE0C0200A1ADFA /* Assets.xcassets */,
				329BDB0F24AE0C0200A1ADFA /* LaunchScreen.storyboard */,
				329BDB1224AE0C0200A1ADFA /* Info.plist */,
				329BDB0C24AE0C0200A1ADFA /* Preview Content */,
			);
			path = "Unit Conversion";
			sourceTree = "<group>";
		};
		329BDB0C24AE0C0200A1ADFA /* Preview Content */ = {
			isa = PBXGroup;
			children = (
				329BDB0D24AE0C0200A1ADFA /* Preview Assets.xcassets */,
			);
			path = "Preview Content";
			sourceTree = "<group>";
		};
/* End PBXGroup section */

/* Begin PBXNativeTarget section */
		329BDB0024AE0BFD00A1ADFA /* Unit Conversion */ = {
			isa = PBXNativeTarget;
			buildConfigurationList = 329BDB1524AE0C0200A1ADFA /* Build configuration list for PBXNativeTarget "Unit Conversion" */;
			buildPhases = (
				329BDAFD24AE0BFD00A1ADFA /* Sources */,
				329BDAFE24AE0BFD00A1ADFA /* Frameworks */,
				329BDAFF24AE0BFD00A1ADFA /* Resources */,
			);
			buildRules = (
			);
			dependencies = (
			);
			name = "Unit Conversion";
			productName = "Unit Conversion";
			productReference = 329BDB0124AE0BFD00A1ADFA /* Unit Conversion.app */;
			productType = "com.apple.product-type.application";
		};
/* End PBXNativeTarget section */

/* Begin PBXProject section */
		329BDAF924AE0BFD00A1ADFA /* Project object */ = {
			isa = PBXProject;
			attributes = {
				LastSwiftUpdateCheck = 1200;
				LastUpgradeCheck = 1200;
				TargetAttributes = {
					329BDB0024AE0BFD00A1ADFA = {
						CreatedOnToolsVersion = 12.0;
					};
				};
			};
			buildConfigurationList = 329BDAFC24AE0BFD00A1ADFA /* Build configuration list for PBXProject "Unit Conversion" */;
			compatibilityVersion = "Xcode 9.3";
			developmentRegion = en;
			hasScannedForEncodings = 0;
			knownRegions = (
				en,
				Base,
			);
			mainGroup = 329BDAF824AE0BFD00A1ADFA;
			productRefGroup = 329BDB0224AE0BFD00A1ADFA /* Products */;
			projectDirPath = "";
			projectRoot = "";
			targets = (
				329BDB0024AE0BFD00A1ADFA /* Unit Conversion */,
			);
		};
/* End PBXProject section */

/* Begin PBXResourcesBuildPhase section */
		329BDAFF24AE0BFD00A1ADFA /* Resources */ = {
			isa = PBXResourcesBuildPhase;
			buildActionMask = 2147483647;
			files = (
				329BDB1124AE0C0200A1ADFA /* LaunchScreen.storyboard in Resources */,
				329BDB0E24AE0C0200A1ADFA /* Preview Assets.xcassets in Resources */,
				329BDB0B24AE0C0200A1ADFA /* Assets.xcassets in Resources */,
			);
			runOnlyForDeploymentPostprocessing = 0;
		};
/* End PBXResourcesBuildPhase section */

/* Begin PBXSourcesBuildPhase section */
		329BDAFD24AE0BFD00A1ADFA /* Sources */ = {
			isa = PBXSourcesBuildPhase;
			buildActionMask = 2147483647;
			files = (
				329BDB0524AE0BFD00A1ADFA /* AppDelegate.swift in Sources */,
				329BDB0724AE0BFD00A1ADFA /* SceneDelegate.swift in Sources */,
				329BDB0924AE0BFD00A1ADFA /* ContentView.swift in Sources */,
			);
			runOnlyForDeploymentPostprocessing = 0;
		};
/* End PBXSourcesBuildPhase section */

/* Begin PBXVariantGroup section */
		329BDB0F24AE0C0200A1ADFA /* LaunchScreen.storyboard */ = {
			isa = PBXVariantGroup;
			children = (
				329BDB1024AE0C0200A1ADFA /* Base */,
			);
			name = LaunchScreen.storyboard;
			sourceTree = "<group>";
		};
/* End PBXVariantGroup section */

/* Begin XCBuildConfiguration section */
		329BDB1324AE0C0200A1ADFA /* Debug */ = {
			isa = XCBuildConfiguration;
			buildSettings = {
				ALWAYS_SEARCH_USER_PATHS = NO;
				CLANG_ANALYZER_NONNULL = YES;
				CLANG_ANALYZER_NUMBER_OBJECT_CONVERSION = YES_AGGRESSIVE;
				CLANG_CXX_LANGUAGE_STANDARD = "gnu++14";
				CLANG_CXX_LIBRARY = "libc++";
				CLANG_ENABLE_MODULES = YES;
				CLANG_ENABLE_OBJC_ARC = YES;
				CLANG_ENABLE_OBJC_WEAK = YES;
				CLANG_WARN_BLOCK_CAPTURE_AUTORELEASING = YES;
				CLANG_WARN_BOOL_CONVERSION = YES;
				CLANG_WARN_COMMA = YES;
				CLANG_WARN_CONSTANT_CONVERSION = YES;
				CLANG_WARN_DEPRECATED_OBJC_IMPLEMENTATIONS = YES;
				CLANG_WARN_DIRECT_OBJC_ISA_USAGE = YES_ERROR;
				CLANG_WARN_DOCUMENTATION_COMMENTS = YES;
				CLANG_WARN_EMPTY_BODY = YES;
				CLANG_WARN_ENUM_CONVERSION = YES;
				CLANG_WARN_INFINITE_RECURSION = YES;
				CLANG_WARN_INT_CONVERSION = YES;
				CLANG_WARN_NON_LITERAL_NULL_CONVERSION = YES;
				CLANG_WARN_OBJC_IMPLICIT_RETAIN_SELF = YES;
				CLANG_WARN_OBJC_LITERAL_CONVERSION = YES;
				CLANG_WARN_OBJC_ROOT_CLASS = YES_ERROR;
				CLANG_WARN_QUOTED_INCLUDE_IN_FRAMEWORK_HEADER = YES;
				CLANG_WARN_RANGE_LOOP_ANALYSIS = YES;
				CLANG_WARN_STRICT_PROTOTYPES = YES;
				CLANG_WARN_SUSPICIOUS_MOVE = YES;
				CLANG_WARN_UNGUARDED_AVAILABILITY = YES_AGGRESSIVE;
				CLANG_WARN_UNREACHABLE_CODE = YES;
				CLANG_WARN__DUPLICATE_METHOD_MATCH = YES;
				COPY_PHASE_STRIP = NO;
				DEBUG_INFORMATION_FORMAT = dwarf;
				ENABLE_STRICT_OBJC_MSGSEND = YES;
				ENABLE_TESTABILITY = YES;
				GCC_C_LANGUAGE_STANDARD = gnu11;
				GCC_DYNAMIC_NO_PIC = NO;
				GCC_NO_COMMON_BLOCKS = YES;
				GCC_OPTIMIZATION_LEVEL = 0;
				GCC_PREPROCESSOR_DEFINITIONS = (
					"DEBUG=1",
					"$(inherited)",
				);
				GCC_WARN_64_TO_32_BIT_CONVERSION = YES;
				GCC_WARN_ABOUT_RETURN_TYPE = YES_ERROR;
				GCC_WARN_UNDECLARED_SELECTOR = YES;
				GCC_WARN_UNINITIALIZED_AUTOS = YES_AGGRESSIVE;
				GCC_WARN_UNUSED_FUNCTION = YES;
				GCC_WARN_UNUSED_VARIABLE = YES;
				IPHONEOS_DEPLOYMENT_TARGET = 14.0;
				MTL_ENABLE_DEBUG_INFO = INCLUDE_SOURCE;
				MTL_FAST_MATH = YES;
				ONLY_ACTIVE_ARCH = YES;
				SDKROOT = iphoneos;
				SWIFT_ACTIVE_COMPILATION_CONDITIONS = DEBUG;
				SWIFT_OPTIMIZATION_LEVEL = "-Onone";
			};
			name = Debug;
		};
		329BDB1424AE0C0200A1ADFA /* Release */ = {
			isa = XCBuildConfiguration;
			buildSettings = {
				ALWAYS_SEARCH_USER_PATHS = NO;
				CLANG_ANALYZER_NONNULL = YES;
				CLANG_ANALYZER_NUMBER_OBJECT_CONVERSION = YES_AGGRESSIVE;
				CLANG_CXX_LANGUAGE_STANDARD = "gnu++14";
				CLANG_CXX_LIBRARY = "libc++";
				CLANG_ENABLE_MODULES = YES;
				CLANG_ENABLE_OBJC_ARC = YES;
				CLANG_ENABLE_OBJC_WEAK = YES;
				CLANG_WARN_BLOCK_CAPTURE_AUTORELEASING = YES;
				CLANG_WARN_BOOL_CONVERSION = YES;
				CLANG_WARN_COMMA = YES;
				CLANG_WARN_CONSTANT_CONVERSION = YES;
				CLANG_WARN_DEPRECATED_OBJC_IMPLEMENTATIONS = YES;
				CLANG_WARN_DIRECT_OBJC_ISA_USAGE = YES_ERROR;
				CLANG_WARN_DOCUMENTATION_COMMENTS = YES;
				CLANG_WARN_EMPTY_BODY = YES;
				CLANG_WARN_ENUM_CONVERSION = YES;
				CLANG_WARN_INFINITE_RECURSION = YES;
				CLANG_WARN_INT_CONVERSION = YES;
				CLANG_WARN_NON_LITERAL_NULL_CONVERSION = YES;
				CLANG_WARN_OBJC_IMPLICIT_RETAIN_SELF = YES;
				CLANG_WARN_OBJC_LITERAL_CONVERSION = YES;
				CLANG_WARN_OBJC_ROOT_CLASS = YES_ERROR;
				CLANG_WARN_QUOTED_INCLUDE_IN_FRAMEWORK_HEADER = YES;
				CLANG_WARN_RANGE_LOOP_ANALYSIS = YES;
				CLANG_WARN_STRICT_PROTOTYPES = YES;
				CLANG_WARN_SUSPICIOUS_MOVE = YES;
				CLANG_WARN_UNGUARDED_AVAILABILITY = YES_AGGRESSIVE;
				CLANG_WARN_UNREACHABLE_CODE = YES;
				CLANG_WARN__DUPLICATE_METHOD_MATCH = YES;
				COPY_PHASE_STRIP = NO;
				DEBUG_INFORMATION_FORMAT = "dwarf-with-dsym";
				ENABLE_NS_ASSERTIONS = NO;
				ENABLE_STRICT_OBJC_MSGSEND = YES;
				GCC_C_LANGUAGE_STANDARD = gnu11;
				GCC_NO_COMMON_BLOCKS = YES;
				GCC_WARN_64_TO_32_BIT_CONVERSION = YES;
				GCC_WARN_ABOUT_RETURN_TYPE = YES_ERROR;
				GCC_WARN_UNDECLARED_SELECTOR = YES;
				GCC_WARN_UNINITIALIZED_AUTOS = YES_AGGRESSIVE;
				GCC_WARN_UNUSED_FUNCTION = YES;
				GCC_WARN_UNUSED_VARIABLE = YES;
				IPHONEOS_DEPLOYMENT_TARGET = 14.0;
				MTL_ENABLE_DEBUG_INFO = NO;
				MTL_FAST_MATH = YES;
				SDKROOT = iphoneos;
				SWIFT_COMPILATION_MODE = wholemodule;
				SWIFT_OPTIMIZATION_LEVEL = "-O";
				VALIDATE_PRODUCT = YES;
			};
			name = Release;
		};
		329BDB1624AE0C0200A1ADFA /* Debug */ = {
			isa = XCBuildConfiguration;
			buildSettings = {
				ASSETCATALOG_COMPILER_APPICON_NAME = AppIcon;
				ASSETCATALOG_COMPILER_GLOBAL_ACCENT_COLOR_NAME = AccentColor;
				CODE_SIGN_STYLE = Automatic;
				DEVELOPMENT_ASSET_PATHS = "\"Unit Conversion/Preview Content\"";
				DEVELOPMENT_TEAM = SJ24EL3RLW;
				ENABLE_PREVIEWS = YES;
				INFOPLIST_FILE = "Unit Conversion/Info.plist";
				LD_RUNPATH_SEARCH_PATHS = (
					"$(inherited)",
					"@executable_path/Frameworks",
				);
				PRODUCT_BUNDLE_IDENTIFIER = "dev.enkkashley.Unit-Conversion";
				PRODUCT_NAME = "$(TARGET_NAME)";
				SWIFT_VERSION = 5.0;
				TARGETED_DEVICE_FAMILY = "1,2";
			};
			name = Debug;
		};
		329BDB1724AE0C0200A1ADFA /* Release */ = {
			isa = XCBuildConfiguration;
			buildSettings = {
				ASSETCATALOG_COMPILER_APPICON_NAME = AppIcon;
				ASSETCATALOG_COMPILER_GLOBAL_ACCENT_COLOR_NAME = AccentColor;
				CODE_SIGN_STYLE = Automatic;
				DEVELOPMENT_ASSET_PATHS = "\"Unit Conversion/Preview Content\"";
				DEVELOPMENT_TEAM = SJ24EL3RLW;
				ENABLE_PREVIEWS = YES;
				INFOPLIST_FILE = "Unit Conversion/Info.plist";
				LD_RUNPATH_SEARCH_PATHS = (
					"$(inherited)",
					"@executable_path/Frameworks",
				);
				PRODUCT_BUNDLE_IDENTIFIER = "dev.enkkashley.Unit-Conversion";
				PRODUCT_NAME = "$(TARGET_NAME)";
				SWIFT_VERSION = 5.0;
				TARGETED_DEVICE_FAMILY = "1,2";
			};
			name = Release;
		};
/* End XCBuildConfiguration section */

/* Begin XCConfigurationList section */
		329BDAFC24AE0BFD00A1ADFA /* Build configuration list for PBXProject "Unit Conversion" */ = {
			isa = XCConfigurationList;
			buildConfigurations = (
				329BDB1324AE0C0200A1ADFA /* Debug */,
				329BDB1424AE0C0200A1ADFA /* Release */,
			);
			defaultConfigurationIsVisible = 0;
			defaultConfigurationName = Release;
		};
		329BDB1524AE0C0200A1ADFA /* Build configuration list for PBXNativeTarget "Unit Conversion" */ = {
			isa = XCConfigurationList;
			buildConfigurations = (
				329BDB1624AE0C0200A1ADFA /* Debug */,
				329BDB1724AE0C0200A1ADFA /* Release */,
			);
			defaultConfigurationIsVisible = 0;
			defaultConfigurationName = Release;
		};
/* End XCConfigurationList section */
	};
	rootObject = 329BDAF924AE0BFD00A1ADFA /* Project object */;
}
